
Microsoft Visual Studio Solution File, Format Version 12.00
# Visual Studio 15
VisualStudioVersion = 15.0.27703.2035
MinimumVisualStudioVersion = 10.0.40219.1
Project("{FAE04EC0-301F-11D3-BF4B-00C04F79EFBC}") = "KaprekarZahlen", "KaprekarZahlen\KaprekarZahlen.csproj", "{18FE866A-92B1-4B62-9790-01FB86C59CC6}"
EndProject
Project("{FAE04EC0-301F-11D3-BF4B-00C04F79EFBC}") = "KaprekarUnitTestProject", "KaprekarUnitTestProject\KaprekarUnitTestProject.csproj", "{D3DD1FD0-902E-4515-8CEE-2E0AF5A5DBBB}"
EndProject
Project("{FAE04EC0-301F-11D3-BF4B-00C04F79EFBC}") = "Person", "Person\Person.csproj", "{7D14FC92-B67C-4FAF-9213-8D2A26C652DA}"
EndProject
Project("{FAE04EC0-301F-11D3-BF4B-00C04F79EFBC}") = "UnitTestPerson", "UnitTestPerson\UnitTestPerson.csproj", "{5379B55E-FBE3-4E9A-9179-8A4F2310DDC9}"
EndProject
Project("{FAE04EC0-301F-11D3-BF4B-00C04F79EFBC}") = "BadewanneMVC", "BadewanneMVC\BadewanneMVC.csproj", "{013DCBE2-54A5-4753-B5CC-05388914D310}"
EndProject
Project("{2150E333-8FDC-42A3-9474-1A3956D46DE8}") = "Solution Items", "Solution Items", "{BFEFECA6-5EDD-4899-B9FC-7B7E9C0BDF24}"
	ProjectSection(SolutionItems) = preProject
		BadewanneMVC\BadewanneTonView.cs = BadewanneMVC\BadewanneTonView.cs
	EndProjectSection
EndProject
Global
	GlobalSection(SolutionConfigurationPlatforms) = preSolution
		Debug|Any CPU = Debug|Any CPU
		Release|Any CPU = Release|Any CPU
	EndGlobalSection
	GlobalSection(ProjectConfigurationPlatforms) = postSolution
		{18FE866A-92B1-4B62-9790-01FB86C59CC6}.Debug|Any CPU.ActiveCfg = Debug|Any CPU
		{18FE866A-92B1-4B62-9790-01FB86C59CC6}.Debug|Any CPU.Build.0 = Debug|Any CPU
		{18FE866A-92B1-4B62-9790-01FB86C59CC6}.Release|Any CPU.ActiveCfg = Release|Any CPU
		{18FE866A-92B1-4B62-9790-01FB86C59CC6}.Release|Any CPU.Build.0 = Release|Any CPU
		{D3DD1FD0-902E-4515-8CEE-2E0AF5A5DBBB}.Debug|Any CPU.ActiveCfg = Debug|Any CPU
		{D3DD1FD0-902E-4515-8CEE-2E0AF5A5DBBB}.Debug|Any CPU.Build.0 = Debug|Any CPU
		{D3DD1FD0-902E-4515-8CEE-2E0AF5A5DBBB}.Release|Any CPU.ActiveCfg = Release|Any CPU
		{D3DD1FD0-902E-4515-8CEE-2E0AF5A5DBBB}.Release|Any CPU.Build.0 = Release|Any CPU
		{7D14FC92-B67C-4FAF-9213-8D2A26C652DA}.Debug|Any CPU.ActiveCfg = Debug|Any CPU
		{7D14FC92-B67C-4FAF-9213-8D2A26C652DA}.Debug|Any CPU.Build.0 = Debug|Any CPU
		{7D14FC92-B67C-4FAF-9213-8D2A26C652DA}.Release|Any CPU.ActiveCfg = Release|Any CPU
		{7D14FC92-B67C-4FAF-9213-8D2A26C652DA}.Release|Any CPU.Build.0 = Release|Any CPU
		{5379B55E-FBE3-4E9A-9179-8A4F2310DDC9}.Debug|Any CPU.ActiveCfg = Debug|Any CPU
		{5379B55E-FBE3-4E9A-9179-8A4F2310DDC9}.Debug|Any CPU.Build.0 = Debug|Any CPU
		{5379B55E-FBE3-4E9A-9179-8A4F2310DDC9}.Release|Any CPU.ActiveCfg = Release|Any CPU
		{5379B55E-FBE3-4E9A-9179-8A4F2310DDC9}.Release|Any CPU.Build.0 = Release|Any CPU
		{013DCBE2-54A5-4753-B5CC-05388914D310}.Debug|Any CPU.ActiveCfg = Debug|Any CPU
		{013DCBE2-54A5-4753-B5CC-05388914D310}.Debug|Any CPU.Build.0 = Debug|Any CPU
		{013DCBE2-54A5-4753-B5CC-05388914D310}.Release|Any CPU.ActiveCfg = Release|Any CPU
		{013DCBE2-54A5-4753-B5CC-05388914D310}.Release|Any CPU.Build.0 = Release|Any CPU
	EndGlobalSection
	GlobalSection(SolutionProperties) = preSolution
		HideSolutionNode = FALSE
	EndGlobalSection
	GlobalSection(ExtensibilityGlobals) = postSolution
		SolutionGuid = {8BEBDE74-7F02-4418-B919-FCCBBABD7889}
	EndGlobalSection
EndGlobal
